
Microsoft Visual Studio Solution File, Format Version 12.00
# Visual Studio Version 16
VisualStudioVersion = 16.0.29324.140
MinimumVisualStudioVersion = 10.0.40219.1
Project("{9A19103F-16F7-4668-BE54-9A1E7A4F7556}") = "StrorageRestApi", "StrorageRestApi\StrorageRestApi.csproj", "{2B5F9A4B-43B4-4CD8-8EE3-044F658C3C24}"
EndProject
Project("{9A19103F-16F7-4668-BE54-9A1E7A4F7556}") = "Storage.Contracts", "Storage.Contracts\Storage.Contracts.csproj", "{77EE7067-4363-4FCC-892A-7DA10FE43B0E}"
EndProject
Project("{FAE04EC0-301F-11D3-BF4B-00C04F79EFBC}") = "Storage.sdk", "Storage.sdk\Storage.sdk.csproj", "{B7576068-1319-451C-8DFF-A864DF08CEA5}"
EndProject
Global
	GlobalSection(SolutionConfigurationPlatforms) = preSolution
		Debug|Any CPU = Debug|Any CPU
		Release|Any CPU = Release|Any CPU
	EndGlobalSection
	GlobalSection(ProjectConfigurationPlatforms) = postSolution
		{2B5F9A4B-43B4-4CD8-8EE3-044F658C3C24}.Debug|Any CPU.ActiveCfg = Debug|Any CPU
		{2B5F9A4B-43B4-4CD8-8EE3-044F658C3C24}.Debug|Any CPU.Build.0 = Debug|Any CPU
		{2B5F9A4B-43B4-4CD8-8EE3-044F658C3C24}.Release|Any CPU.ActiveCfg = Release|Any CPU
		{2B5F9A4B-43B4-4CD8-8EE3-044F658C3C24}.Release|Any CPU.Build.0 = Release|Any CPU
		{77EE7067-4363-4FCC-892A-7DA10FE43B0E}.Debug|Any CPU.ActiveCfg = Debug|Any CPU
		{77EE7067-4363-4FCC-892A-7DA10FE43B0E}.Debug|Any CPU.Build.0 = Debug|Any CPU
		{77EE7067-4363-4FCC-892A-7DA10FE43B0E}.Release|Any CPU.ActiveCfg = Release|Any CPU
		{77EE7067-4363-4FCC-892A-7DA10FE43B0E}.Release|Any CPU.Build.0 = Release|Any CPU
		{B7576068-1319-451C-8DFF-A864DF08CEA5}.Debug|Any CPU.ActiveCfg = Debug|Any CPU
		{B7576068-1319-451C-8DFF-A864DF08CEA5}.Debug|Any CPU.Build.0 = Debug|Any CPU
		{B7576068-1319-451C-8DFF-A864DF08CEA5}.Release|Any CPU.ActiveCfg = Release|Any CPU
		{B7576068-1319-451C-8DFF-A864DF08CEA5}.Release|Any CPU.Build.0 = Release|Any CPU
	EndGlobalSection
	GlobalSection(SolutionProperties) = preSolution
		HideSolutionNode = FALSE
	EndGlobalSection
	GlobalSection(ExtensibilityGlobals) = postSolution
		SolutionGuid = {A826F786-223C-484E-8B6F-EB9A55C67582}
	EndGlobalSection
EndGlobal
